
Microsoft Visual Studio Solution File, Format Version 12.00
# Visual Studio Version 16
VisualStudioVersion = 16.0.29201.188
MinimumVisualStudioVersion = 10.0.40219.1
Project("{FAE04EC0-301F-11D3-BF4B-00C04F79EFBC}") = "TrioWebsite", "TrioWebsite\TrioWebsite.csproj", "{CA593EB9-2A10-4980-832B-05422636FC6E}"
EndProject
Global
	GlobalSection(SolutionConfigurationPlatforms) = preSolution
		Debug|Any CPU = Debug|Any CPU
		Release|Any CPU = Release|Any CPU
	EndGlobalSection
	GlobalSection(ProjectConfigurationPlatforms) = postSolution
		{CA593EB9-2A10-4980-832B-05422636FC6E}.Debug|Any CPU.ActiveCfg = Debug|Any CPU
		{CA593EB9-2A10-4980-832B-05422636FC6E}.Debug|Any CPU.Build.0 = Debug|Any CPU
		{CA593EB9-2A10-4980-832B-05422636FC6E}.Release|Any CPU.ActiveCfg = Release|Any CPU
		{CA593EB9-2A10-4980-832B-05422636FC6E}.Release|Any CPU.Build.0 = Release|Any CPU
	EndGlobalSection
	GlobalSection(SolutionProperties) = preSolution
		HideSolutionNode = FALSE
	EndGlobalSection
	GlobalSection(ExtensibilityGlobals) = postSolution
		SolutionGuid = {DB132852-95B7-45E4-8930-24339590DF2F}
	EndGlobalSection
EndGlobal
